<?xml version="1.0" encoding="utf-8"?>
<Project ToolsVersion="4.0" xmlns="http://schemas.microsoft.com/developer/msbuild/2003">
  <ItemGroup>
    <Filter Include="Src">
      <UniqueIdentifier>{e1b664ba-7be3-4a44-b20c-67e8677142ab}</UniqueIdentifier>
    </Filter>
    <Filter Include="Inc">
      <UniqueIdentifier>{af57d70c-eae1-4a6f-adce-4f67bb558786}</UniqueIdentifier>
    </Filter>
  </ItemGroup>
  <ItemGroup>
    <ClCompile Include="Govnoclient.c">
      <Filter>Src</Filter>
    </ClCompile>
  </ItemGroup>
  <ItemGroup>
    <ClInclude Include="Inc\Govnoclient.h">
      <Filter>Inc</Filter>
    </ClInclude>
    <ClInclude Include="..\libjson\Inc\json.h">
      <Filter>Inc</Filter>
    </ClInclude>
  </ItemGroup>
</Project>